// !$*UTF8*$!
{
	archiveVersion = 1;
	classes = {
	};
	objectVersion = 56;
	objects = {

/* Begin PBXBuildFile section */
		AC9A68B9298D143100ACFC3D /* AppDelegate.swift in Sources */ = {isa = PBXBuildFile; fileRef = AC9A68B8298D143100ACFC3D /* AppDelegate.swift */; };
		AC9A68C2298D143300ACFC3D /* Assets.xcassets in Resources */ = {isa = PBXBuildFile; fileRef = AC9A68C1298D143300ACFC3D /* Assets.xcassets */; };
		AC9A68C5298D143300ACFC3D /* LaunchScreen.storyboard in Resources */ = {isa = PBXBuildFile; fileRef = AC9A68C3298D143300ACFC3D /* LaunchScreen.storyboard */; };
		ACD240FD298D178500994A12 /* SceneDelegate.swift in Sources */ = {isa = PBXBuildFile; fileRef = ACD240FC298D178500994A12 /* SceneDelegate.swift */; };
		ACD24100298D18C200994A12 /* AppFeature in Frameworks */ = {isa = PBXBuildFile; productRef = ACD240FF298D18C200994A12 /* AppFeature */; };
		ACD24102298D18F800994A12 /* AppConfigurations.swift in Sources */ = {isa = PBXBuildFile; fileRef = ACD24101298D18F800994A12 /* AppConfigurations.swift */; };
/* End PBXBuildFile section */

/* Begin PBXContainerItemProxy section */
		AC9A68CC298D143300ACFC3D /* PBXContainerItemProxy */ = {
			isa = PBXContainerItemProxy;
			containerPortal = AC9A68AD298D143100ACFC3D /* Project object */;
			proxyType = 1;
			remoteGlobalIDString = AC9A68B4298D143100ACFC3D;
			remoteInfo = Entry;
		};
		AC9A68D6298D143300ACFC3D /* PBXContainerItemProxy */ = {
			isa = PBXContainerItemProxy;
			containerPortal = AC9A68AD298D143100ACFC3D /* Project object */;
			proxyType = 1;
			remoteGlobalIDString = AC9A68B4298D143100ACFC3D;
			remoteInfo = Entry;
		};
/* End PBXContainerItemProxy section */

/* Begin PBXFileReference section */
		AC9A68B5298D143100ACFC3D /* Entry.app */ = {isa = PBXFileReference; explicitFileType = wrapper.application; includeInIndex = 0; path = Entry.app; sourceTree = BUILT_PRODUCTS_DIR; };
		AC9A68B8298D143100ACFC3D /* AppDelegate.swift */ = {isa = PBXFileReference; lastKnownFileType = sourcecode.swift; path = AppDelegate.swift; sourceTree = "<group>"; };
		AC9A68C1298D143300ACFC3D /* Assets.xcassets */ = {isa = PBXFileReference; lastKnownFileType = folder.assetcatalog; path = Assets.xcassets; sourceTree = "<group>"; };
		AC9A68C4298D143300ACFC3D /* Base */ = {isa = PBXFileReference; lastKnownFileType = file.storyboard; name = Base; path = Base.lproj/LaunchScreen.storyboard; sourceTree = "<group>"; };
		AC9A68C6298D143300ACFC3D /* Info.plist */ = {isa = PBXFileReference; lastKnownFileType = text.plist.xml; path = Info.plist; sourceTree = "<group>"; };
		AC9A68CB298D143300ACFC3D /* EntryTests.xctest */ = {isa = PBXFileReference; explicitFileType = wrapper.cfbundle; includeInIndex = 0; path = EntryTests.xctest; sourceTree = BUILT_PRODUCTS_DIR; };
		AC9A68D5298D143300ACFC3D /* EntryUITests.xctest */ = {isa = PBXFileReference; explicitFileType = wrapper.cfbundle; includeInIndex = 0; path = EntryUITests.xctest; sourceTree = BUILT_PRODUCTS_DIR; };
		ACD240FB298D14AE00994A12 /* BookApp */ = {isa = PBXFileReference; lastKnownFileType = wrapper; path = BookApp; sourceTree = "<group>"; };
		ACD240FC298D178500994A12 /* SceneDelegate.swift */ = {isa = PBXFileReference; fileEncoding = 4; lastKnownFileType = sourcecode.swift; path = SceneDelegate.swift; sourceTree = "<group>"; };
		ACD24101298D18F800994A12 /* AppConfigurations.swift */ = {isa = PBXFileReference; lastKnownFileType = sourcecode.swift; path = AppConfigurations.swift; sourceTree = "<group>"; };
/* End PBXFileReference section */

/* Begin PBXFrameworksBuildPhase section */
		AC9A68B2298D143100ACFC3D /* Frameworks */ = {
			isa = PBXFrameworksBuildPhase;
			buildActionMask = 2147483647;
			files = (
				ACD24100298D18C200994A12 /* AppFeature in Frameworks */,
			);
			runOnlyForDeploymentPostprocessing = 0;
		};
		AC9A68C8298D143300ACFC3D /* Frameworks */ = {
			isa = PBXFrameworksBuildPhase;
			buildActionMask = 2147483647;
			files = (
			);
			runOnlyForDeploymentPostprocessing = 0;
		};
		AC9A68D2298D143300ACFC3D /* Frameworks */ = {
			isa = PBXFrameworksBuildPhase;
			buildActionMask = 2147483647;
			files = (
			);
			runOnlyForDeploymentPostprocessing = 0;
		};
/* End PBXFrameworksBuildPhase section */

/* Begin PBXGroup section */
		AC9A68AC298D143100ACFC3D = {
			isa = PBXGroup;
			children = (
				ACD240FA298D14AE00994A12 /* Packages */,
				AC9A68B7298D143100ACFC3D /* Entry */,
				AC9A68B6298D143100ACFC3D /* Products */,
				ACD240FE298D18C200994A12 /* Frameworks */,
			);
			sourceTree = "<group>";
		};
		AC9A68B6298D143100ACFC3D /* Products */ = {
			isa = PBXGroup;
			children = (
				AC9A68B5298D143100ACFC3D /* Entry.app */,
				AC9A68CB298D143300ACFC3D /* EntryTests.xctest */,
				AC9A68D5298D143300ACFC3D /* EntryUITests.xctest */,
			);
			name = Products;
			sourceTree = "<group>";
		};
		AC9A68B7298D143100ACFC3D /* Entry */ = {
			isa = PBXGroup;
			children = (
				AC9A68B8298D143100ACFC3D /* AppDelegate.swift */,
				ACD240FC298D178500994A12 /* SceneDelegate.swift */,
				AC9A68C1298D143300ACFC3D /* Assets.xcassets */,
				AC9A68C3298D143300ACFC3D /* LaunchScreen.storyboard */,
				AC9A68C6298D143300ACFC3D /* Info.plist */,
				ACD24101298D18F800994A12 /* AppConfigurations.swift */,
			);
			path = Entry;
			sourceTree = "<group>";
		};
		ACD240FA298D14AE00994A12 /* Packages */ = {
			isa = PBXGroup;
			children = (
				ACD240FB298D14AE00994A12 /* BookApp */,
			);
			name = Packages;
			sourceTree = "<group>";
		};
		ACD240FE298D18C200994A12 /* Frameworks */ = {
			isa = PBXGroup;
			children = (
			);
			name = Frameworks;
			sourceTree = "<group>";
		};
/* End PBXGroup section */

/* Begin PBXNativeTarget section */
		AC9A68B4298D143100ACFC3D /* Entry */ = {
			isa = PBXNativeTarget;
			buildConfigurationList = AC9A68DF298D143300ACFC3D /* Build configuration list for PBXNativeTarget "Entry" */;
			buildPhases = (
				AC9A68B1298D143100ACFC3D /* Sources */,
				AC9A68B2298D143100ACFC3D /* Frameworks */,
				AC9A68B3298D143100ACFC3D /* Resources */,
			);
			buildRules = (
			);
			dependencies = (
			);
			name = Entry;
			packageProductDependencies = (
				ACD240FF298D18C200994A12 /* AppFeature */,
			);
			productName = Entry;
			productReference = AC9A68B5298D143100ACFC3D /* Entry.app */;
			productType = "com.apple.product-type.application";
		};
		AC9A68CA298D143300ACFC3D /* EntryTests */ = {
			isa = PBXNativeTarget;
			buildConfigurationList = AC9A68E2298D143300ACFC3D /* Build configuration list for PBXNativeTarget "EntryTests" */;
			buildPhases = (
				AC9A68C7298D143300ACFC3D /* Sources */,
				AC9A68C8298D143300ACFC3D /* Frameworks */,
				AC9A68C9298D143300ACFC3D /* Resources */,
			);
			buildRules = (
			);
			dependencies = (
				AC9A68CD298D143300ACFC3D /* PBXTargetDependency */,
			);
			name = EntryTests;
			productName = EntryTests;
			productReference = AC9A68CB298D143300ACFC3D /* EntryTests.xctest */;
			productType = "com.apple.product-type.bundle.unit-test";
		};
		AC9A68D4298D143300ACFC3D /* EntryUITests */ = {
			isa = PBXNativeTarget;
			buildConfigurationList = AC9A68E5298D143300ACFC3D /* Build configuration list for PBXNativeTarget "EntryUITests" */;
			buildPhases = (
				AC9A68D1298D143300ACFC3D /* Sources */,
				AC9A68D2298D143300ACFC3D /* Frameworks */,
				AC9A68D3298D143300ACFC3D /* Resources */,
			);
			buildRules = (
			);
			dependencies = (
				AC9A68D7298D143300ACFC3D /* PBXTargetDependency */,
			);
			name = EntryUITests;
			productName = EntryUITests;
			productReference = AC9A68D5298D143300ACFC3D /* EntryUITests.xctest */;
			productType = "com.apple.product-type.bundle.ui-testing";
		};
/* End PBXNativeTarget section */

/* Begin PBXProject section */
		AC9A68AD298D143100ACFC3D /* Project object */ = {
			isa = PBXProject;
			attributes = {
				BuildIndependentTargetsInParallel = 1;
				LastSwiftUpdateCheck = 1410;
				LastUpgradeCheck = 1410;
				TargetAttributes = {
					AC9A68B4298D143100ACFC3D = {
						CreatedOnToolsVersion = 14.1;
					};
					AC9A68CA298D143300ACFC3D = {
						CreatedOnToolsVersion = 14.1;
						TestTargetID = AC9A68B4298D143100ACFC3D;
					};
					AC9A68D4298D143300ACFC3D = {
						CreatedOnToolsVersion = 14.1;
						TestTargetID = AC9A68B4298D143100ACFC3D;
					};
				};
			};
			buildConfigurationList = AC9A68B0298D143100ACFC3D /* Build configuration list for PBXProject "Entry" */;
			compatibilityVersion = "Xcode 14.0";
			developmentRegion = en;
			hasScannedForEncodings = 0;
			knownRegions = (
				en,
				Base,
			);
			mainGroup = AC9A68AC298D143100ACFC3D;
			productRefGroup = AC9A68B6298D143100ACFC3D /* Products */;
			projectDirPath = "";
			projectRoot = "";
			targets = (
				AC9A68B4298D143100ACFC3D /* Entry */,
				AC9A68CA298D143300ACFC3D /* EntryTests */,
				AC9A68D4298D143300ACFC3D /* EntryUITests */,
			);
		};
/* End PBXProject section */

/* Begin PBXResourcesBuildPhase section */
		AC9A68B3298D143100ACFC3D /* Resources */ = {
			isa = PBXResourcesBuildPhase;
			buildActionMask = 2147483647;
			files = (
				AC9A68C5298D143300ACFC3D /* LaunchScreen.storyboard in Resources */,
				AC9A68C2298D143300ACFC3D /* Assets.xcassets in Resources */,
			);
			runOnlyForDeploymentPostprocessing = 0;
		};
		AC9A68C9298D143300ACFC3D /* Resources */ = {
			isa = PBXResourcesBuildPhase;
			buildActionMask = 2147483647;
			files = (
			);
			runOnlyForDeploymentPostprocessing = 0;
		};
		AC9A68D3298D143300ACFC3D /* Resources */ = {
			isa = PBXResourcesBuildPhase;
			buildActionMask = 2147483647;
			files = (
			);
			runOnlyForDeploymentPostprocessing = 0;
		};
/* End PBXResourcesBuildPhase section */

/* Begin PBXSourcesBuildPhase section */
		AC9A68B1298D143100ACFC3D /* Sources */ = {
			isa = PBXSourcesBuildPhase;
			buildActionMask = 2147483647;
			files = (
				AC9A68B9298D143100ACFC3D /* AppDelegate.swift in Sources */,
				ACD24102298D18F800994A12 /* AppConfigurations.swift in Sources */,
				ACD240FD298D178500994A12 /* SceneDelegate.swift in Sources */,
			);
			runOnlyForDeploymentPostprocessing = 0;
		};
		AC9A68C7298D143300ACFC3D /* Sources */ = {
			isa = PBXSourcesBuildPhase;
			buildActionMask = 2147483647;
			files = (
			);
			runOnlyForDeploymentPostprocessing = 0;
		};
		AC9A68D1298D143300ACFC3D /* Sources */ = {
			isa = PBXSourcesBuildPhase;
			buildActionMask = 2147483647;
			files = (
			);
			runOnlyForDeploymentPostprocessing = 0;
		};
/* End PBXSourcesBuildPhase section */

/* Begin PBXTargetDependency section */
		AC9A68CD298D143300ACFC3D /* PBXTargetDependency */ = {
			isa = PBXTargetDependency;
			target = AC9A68B4298D143100ACFC3D /* Entry */;
			targetProxy = AC9A68CC298D143300ACFC3D /* PBXContainerItemProxy */;
		};
		AC9A68D7298D143300ACFC3D /* PBXTargetDependency */ = {
			isa = PBXTargetDependency;
			target = AC9A68B4298D143100ACFC3D /* Entry */;
			targetProxy = AC9A68D6298D143300ACFC3D /* PBXContainerItemProxy */;
		};
/* End PBXTargetDependency section */

/* Begin PBXVariantGroup section */
		AC9A68C3298D143300ACFC3D /* LaunchScreen.storyboard */ = {
			isa = PBXVariantGroup;
			children = (
				AC9A68C4298D143300ACFC3D /* Base */,
			);
			name = LaunchScreen.storyboard;
			sourceTree = "<group>";
		};
/* End PBXVariantGroup section */

/* Begin XCBuildConfiguration section */
		AC9A68DD298D143300ACFC3D /* Debug */ = {
			isa = XCBuildConfiguration;
			buildSettings = {
				ALWAYS_SEARCH_USER_PATHS = NO;
				CLANG_ANALYZER_NONNULL = YES;
				CLANG_ANALYZER_NUMBER_OBJECT_CONVERSION = YES_AGGRESSIVE;
				CLANG_CXX_LANGUAGE_STANDARD = "gnu++20";
				CLANG_ENABLE_MODULES = YES;
				CLANG_ENABLE_OBJC_ARC = YES;
				CLANG_ENABLE_OBJC_WEAK = YES;
				CLANG_WARN_BLOCK_CAPTURE_AUTORELEASING = YES;
				CLANG_WARN_BOOL_CONVERSION = YES;
				CLANG_WARN_COMMA = YES;
				CLANG_WARN_CONSTANT_CONVERSION = YES;
				CLANG_WARN_DEPRECATED_OBJC_IMPLEMENTATIONS = YES;
				CLANG_WARN_DIRECT_OBJC_ISA_USAGE = YES_ERROR;
				CLANG_WARN_DOCUMENTATION_COMMENTS = YES;
				CLANG_WARN_EMPTY_BODY = YES;
				CLANG_WARN_ENUM_CONVERSION = YES;
				CLANG_WARN_INFINITE_RECURSION = YES;
				CLANG_WARN_INT_CONVERSION = YES;
				CLANG_WARN_NON_LITERAL_NULL_CONVERSION = YES;
				CLANG_WARN_OBJC_IMPLICIT_RETAIN_SELF = YES;
				CLANG_WARN_OBJC_LITERAL_CONVERSION = YES;
				CLANG_WARN_OBJC_ROOT_CLASS = YES_ERROR;
				CLANG_WARN_QUOTED_INCLUDE_IN_FRAMEWORK_HEADER = YES;
				CLANG_WARN_RANGE_LOOP_ANALYSIS = YES;
				CLANG_WARN_STRICT_PROTOTYPES = YES;
				CLANG_WARN_SUSPICIOUS_MOVE = YES;
				CLANG_WARN_UNGUARDED_AVAILABILITY = YES_AGGRESSIVE;
				CLANG_WARN_UNREACHABLE_CODE = YES;
				CLANG_WARN__DUPLICATE_METHOD_MATCH = YES;
				COPY_PHASE_STRIP = NO;
				DEBUG_INFORMATION_FORMAT = dwarf;
				ENABLE_STRICT_OBJC_MSGSEND = YES;
				ENABLE_TESTABILITY = YES;
				GCC_C_LANGUAGE_STANDARD = gnu11;
				GCC_DYNAMIC_NO_PIC = NO;
				GCC_NO_COMMON_BLOCKS = YES;
				GCC_OPTIMIZATION_LEVEL = 0;
				GCC_PREPROCESSOR_DEFINITIONS = (
					"DEBUG=1",
					"$(inherited)",
				);
				GCC_WARN_64_TO_32_BIT_CONVERSION = YES;
				GCC_WARN_ABOUT_RETURN_TYPE = YES_ERROR;
				GCC_WARN_UNDECLARED_SELECTOR = YES;
				GCC_WARN_UNINITIALIZED_AUTOS = YES_AGGRESSIVE;
				GCC_WARN_UNUSED_FUNCTION = YES;
				GCC_WARN_UNUSED_VARIABLE = YES;
				IPHONEOS_DEPLOYMENT_TARGET = 16.1;
				MTL_ENABLE_DEBUG_INFO = INCLUDE_SOURCE;
				MTL_FAST_MATH = YES;
				ONLY_ACTIVE_ARCH = YES;
				SDKROOT = iphoneos;
				SWIFT_ACTIVE_COMPILATION_CONDITIONS = DEBUG;
				SWIFT_OPTIMIZATION_LEVEL = "-Onone";
			};
			name = Debug;
		};
		AC9A68DE298D143300ACFC3D /* Release */ = {
			isa = XCBuildConfiguration;
			buildSettings = {
				ALWAYS_SEARCH_USER_PATHS = NO;
				CLANG_ANALYZER_NONNULL = YES;
				CLANG_ANALYZER_NUMBER_OBJECT_CONVERSION = YES_AGGRESSIVE;
				CLANG_CXX_LANGUAGE_STANDARD = "gnu++20";
				CLANG_ENABLE_MODULES = YES;
				CLANG_ENABLE_OBJC_ARC = YES;
				CLANG_ENABLE_OBJC_WEAK = YES;
				CLANG_WARN_BLOCK_CAPTURE_AUTORELEASING = YES;
				CLANG_WARN_BOOL_CONVERSION = YES;
				CLANG_WARN_COMMA = YES;
				CLANG_WARN_CONSTANT_CONVERSION = YES;
				CLANG_WARN_DEPRECATED_OBJC_IMPLEMENTATIONS = YES;
				CLANG_WARN_DIRECT_OBJC_ISA_USAGE = YES_ERROR;
				CLANG_WARN_DOCUMENTATION_COMMENTS = YES;
				CLANG_WARN_EMPTY_BODY = YES;
				CLANG_WARN_ENUM_CONVERSION = YES;
				CLANG_WARN_INFINITE_RECURSION = YES;
				CLANG_WARN_INT_CONVERSION = YES;
				CLANG_WARN_NON_LITERAL_NULL_CONVERSION = YES;
				CLANG_WARN_OBJC_IMPLICIT_RETAIN_SELF = YES;
				CLANG_WARN_OBJC_LITERAL_CONVERSION = YES;
				CLANG_WARN_OBJC_ROOT_CLASS = YES_ERROR;
				CLANG_WARN_QUOTED_INCLUDE_IN_FRAMEWORK_HEADER = YES;
				CLANG_WARN_RANGE_LOOP_ANALYSIS = YES;
				CLANG_WARN_STRICT_PROTOTYPES = YES;
				CLANG_WARN_SUSPICIOUS_MOVE = YES;
				CLANG_WARN_UNGUARDED_AVAILABILITY = YES_AGGRESSIVE;
				CLANG_WARN_UNREACHABLE_CODE = YES;
				CLANG_WARN__DUPLICATE_METHOD_MATCH = YES;
				COPY_PHASE_STRIP = NO;
				DEBUG_INFORMATION_FORMAT = "dwarf-with-dsym";
				ENABLE_NS_ASSERTIONS = NO;
				ENABLE_STRICT_OBJC_MSGSEND = YES;
				GCC_C_LANGUAGE_STANDARD = gnu11;
				GCC_NO_COMMON_BLOCKS = YES;
				GCC_WARN_64_TO_32_BIT_CONVERSION = YES;
				GCC_WARN_ABOUT_RETURN_TYPE = YES_ERROR;
				GCC_WARN_UNDECLARED_SELECTOR = YES;
				GCC_WARN_UNINITIALIZED_AUTOS = YES_AGGRESSIVE;
				GCC_WARN_UNUSED_FUNCTION = YES;
				GCC_WARN_UNUSED_VARIABLE = YES;
				IPHONEOS_DEPLOYMENT_TARGET = 16.1;
				MTL_ENABLE_DEBUG_INFO = NO;
				MTL_FAST_MATH = YES;
				SDKROOT = iphoneos;
				SWIFT_COMPILATION_MODE = wholemodule;
				SWIFT_OPTIMIZATION_LEVEL = "-O";
				VALIDATE_PRODUCT = YES;
			};
			name = Release;
		};
		AC9A68E0298D143300ACFC3D /* Debug */ = {
			isa = XCBuildConfiguration;
			buildSettings = {
				ASSETCATALOG_COMPILER_APPICON_NAME = AppIcon;
				ASSETCATALOG_COMPILER_GLOBAL_ACCENT_COLOR_NAME = AccentColor;
				CODE_SIGN_STYLE = Automatic;
				CURRENT_PROJECT_VERSION = 1;
				DEVELOPMENT_TEAM = 5JVTTP945W;
				GENERATE_INFOPLIST_FILE = YES;
				INFOPLIST_FILE = Entry/Info.plist;
				INFOPLIST_KEY_UIApplicationSupportsIndirectInputEvents = YES;
				INFOPLIST_KEY_UILaunchStoryboardName = LaunchScreen;
				INFOPLIST_KEY_UIMainStoryboardFile = "";
				INFOPLIST_KEY_UISupportedInterfaceOrientations = UIInterfaceOrientationPortrait;
				LD_RUNPATH_SEARCH_PATHS = (
					"$(inherited)",
					"@executable_path/Frameworks",
				);
				MARKETING_VERSION = 1.0;
				PRODUCT_BUNDLE_IDENTIFIER = ff.Entry;
				PRODUCT_NAME = "$(TARGET_NAME)";
				SWIFT_EMIT_LOC_STRINGS = YES;
				SWIFT_VERSION = 5.0;
				TARGETED_DEVICE_FAMILY = "1,2";
			};
			name = Debug;
		};
		AC9A68E1298D143300ACFC3D /* Release */ = {
			isa = XCBuildConfiguration;
			buildSettings = {
				ASSETCATALOG_COMPILER_APPICON_NAME = AppIcon;
				ASSETCATALOG_COMPILER_GLOBAL_ACCENT_COLOR_NAME = AccentColor;
				CODE_SIGN_STYLE = Automatic;
				CURRENT_PROJECT_VERSION = 1;
				DEVELOPMENT_TEAM = 5JVTTP945W;
				GENERATE_INFOPLIST_FILE = YES;
				INFOPLIST_FILE = Entry/Info.plist;
				INFOPLIST_KEY_UIApplicationSupportsIndirectInputEvents = YES;
				INFOPLIST_KEY_UILaunchStoryboardName = LaunchScreen;
				INFOPLIST_KEY_UIMainStoryboardFile = "";
				INFOPLIST_KEY_UISupportedInterfaceOrientations = UIInterfaceOrientationPortrait;
				LD_RUNPATH_SEARCH_PATHS = (
					"$(inherited)",
					"@executable_path/Frameworks",
				);
				MARKETING_VERSION = 1.0;
				PRODUCT_BUNDLE_IDENTIFIER = ff.Entry;
				PRODUCT_NAME = "$(TARGET_NAME)";
				SWIFT_EMIT_LOC_STRINGS = YES;
				SWIFT_VERSION = 5.0;
				TARGETED_DEVICE_FAMILY = "1,2";
			};
			name = Release;
		};
		AC9A68E3298D143300ACFC3D /* Debug */ = {
			isa = XCBuildConfiguration;
			buildSettings = {
				ALWAYS_EMBED_SWIFT_STANDARD_LIBRARIES = YES;
				BUNDLE_LOADER = "$(TEST_HOST)";
				CODE_SIGN_STYLE = Automatic;
				CURRENT_PROJECT_VERSION = 1;
				DEVELOPMENT_TEAM = 5JVTTP945W;
				GENERATE_INFOPLIST_FILE = YES;
				IPHONEOS_DEPLOYMENT_TARGET = 16.1;
				MARKETING_VERSION = 1.0;
				PRODUCT_BUNDLE_IDENTIFIER = ff.EntryTests;
				PRODUCT_NAME = "$(TARGET_NAME)";
				SWIFT_EMIT_LOC_STRINGS = NO;
				SWIFT_VERSION = 5.0;
				TARGETED_DEVICE_FAMILY = "1,2";
				TEST_HOST = "$(BUILT_PRODUCTS_DIR)/Entry.app/$(BUNDLE_EXECUTABLE_FOLDER_PATH)/Entry";
			};
			name = Debug;
		};
		AC9A68E4298D143300ACFC3D /* Release */ = {
			isa = XCBuildConfiguration;
			buildSettings = {
				ALWAYS_EMBED_SWIFT_STANDARD_LIBRARIES = YES;
				BUNDLE_LOADER = "$(TEST_HOST)";
				CODE_SIGN_STYLE = Automatic;
				CURRENT_PROJECT_VERSION = 1;
				DEVELOPMENT_TEAM = 5JVTTP945W;
				GENERATE_INFOPLIST_FILE = YES;
				IPHONEOS_DEPLOYMENT_TARGET = 16.1;
				MARKETING_VERSION = 1.0;
				PRODUCT_BUNDLE_IDENTIFIER = ff.EntryTests;
				PRODUCT_NAME = "$(TARGET_NAME)";
				SWIFT_EMIT_LOC_STRINGS = NO;
				SWIFT_VERSION = 5.0;
				TARGETED_DEVICE_FAMILY = "1,2";
				TEST_HOST = "$(BUILT_PRODUCTS_DIR)/Entry.app/$(BUNDLE_EXECUTABLE_FOLDER_PATH)/Entry";
			};
			name = Release;
		};
		AC9A68E6298D143300ACFC3D /* Debug */ = {
			isa = XCBuildConfiguration;
			buildSettings = {
				ALWAYS_EMBED_SWIFT_STANDARD_LIBRARIES = YES;
				CODE_SIGN_STYLE = Automatic;
				CURRENT_PROJECT_VERSION = 1;
				DEVELOPMENT_TEAM = 5JVTTP945W;
				GENERATE_INFOPLIST_FILE = YES;
				MARKETING_VERSION = 1.0;
				PRODUCT_BUNDLE_IDENTIFIER = ff.EntryUITests;
				PRODUCT_NAME = "$(TARGET_NAME)";
				SWIFT_EMIT_LOC_STRINGS = NO;
				SWIFT_VERSION = 5.0;
				TARGETED_DEVICE_FAMILY = "1,2";
				TEST_TARGET_NAME = Entry;
			};
			name = Debug;
		};
		AC9A68E7298D143300ACFC3D /* Release */ = {
			isa = XCBuildConfiguration;
			buildSettings = {
				ALWAYS_EMBED_SWIFT_STANDARD_LIBRARIES = YES;
				CODE_SIGN_STYLE = Automatic;
				CURRENT_PROJECT_VERSION = 1;
				DEVELOPMENT_TEAM = 5JVTTP945W;
				GENERATE_INFOPLIST_FILE = YES;
				MARKETING_VERSION = 1.0;
				PRODUCT_BUNDLE_IDENTIFIER = ff.EntryUITests;
				PRODUCT_NAME = "$(TARGET_NAME)";
				SWIFT_EMIT_LOC_STRINGS = NO;
				SWIFT_VERSION = 5.0;
				TARGETED_DEVICE_FAMILY = "1,2";
				TEST_TARGET_NAME = Entry;
			};
			name = Release;
		};
/* End XCBuildConfiguration section */

/* Begin XCConfigurationList section */
		AC9A68B0298D143100ACFC3D /* Build configuration list for PBXProject "Entry" */ = {
			isa = XCConfigurationList;
			buildConfigurations = (
				AC9A68DD298D143300ACFC3D /* Debug */,
				AC9A68DE298D143300ACFC3D /* Release */,
			);
			defaultConfigurationIsVisible = 0;
			defaultConfigurationName = Release;
		};
		AC9A68DF298D143300ACFC3D /* Build configuration list for PBXNativeTarget "Entry" */ = {
			isa = XCConfigurationList;
			buildConfigurations = (
				AC9A68E0298D143300ACFC3D /* Debug */,
				AC9A68E1298D143300ACFC3D /* Release */,
			);
			defaultConfigurationIsVisible = 0;
			defaultConfigurationName = Release;
		};
		AC9A68E2298D143300ACFC3D /* Build configuration list for PBXNativeTarget "EntryTests" */ = {
			isa = XCConfigurationList;
			buildConfigurations = (
				AC9A68E3298D143300ACFC3D /* Debug */,
				AC9A68E4298D143300ACFC3D /* Release */,
			);
			defaultConfigurationIsVisible = 0;
			defaultConfigurationName = Release;
		};
		AC9A68E5298D143300ACFC3D /* Build configuration list for PBXNativeTarget "EntryUITests" */ = {
			isa = XCConfigurationList;
			buildConfigurations = (
				AC9A68E6298D143300ACFC3D /* Debug */,
				AC9A68E7298D143300ACFC3D /* Release */,
			);
			defaultConfigurationIsVisible = 0;
			defaultConfigurationName = Release;
		};
/* End XCConfigurationList section */

/* Begin XCSwiftPackageProductDependency section */
		ACD240FF298D18C200994A12 /* AppFeature */ = {
			isa = XCSwiftPackageProductDependency;
			productName = AppFeature;
		};
/* End XCSwiftPackageProductDependency section */
	};
	rootObject = AC9A68AD298D143100ACFC3D /* Project object */;
}
