// !$*UTF8*$!
{
	archiveVersion = 1;
	classes = {
	};
	objectVersion = 56;
	objects = {

/* Begin PBXBuildFile section */
		ACC1AE2A298CEF6100E207CC /* AppDelegate.swift in Sources */ = {isa = PBXBuildFile; fileRef = ACC1AE29298CEF6100E207CC /* AppDelegate.swift */; };
		ACC1AE33298CEF6200E207CC /* Assets.xcassets in Resources */ = {isa = PBXBuildFile; fileRef = ACC1AE32298CEF6200E207CC /* Assets.xcassets */; };
		ACC1AE36298CEF6200E207CC /* LaunchScreen.storyboard in Resources */ = {isa = PBXBuildFile; fileRef = ACC1AE34298CEF6200E207CC /* LaunchScreen.storyboard */; };
		ACCB1729298CFAAD00078E7C /* AppConfigurations.swift in Sources */ = {isa = PBXBuildFile; fileRef = ACCB1728298CFAAD00078E7C /* AppConfigurations.swift */; };
		ACCB172D298D086500078E7C /* AppFeature in Frameworks */ = {isa = PBXBuildFile; productRef = ACCB172C298D086500078E7C /* AppFeature */; };
/* End PBXBuildFile section */

/* Begin PBXContainerItemProxy section */
		ACC1AE3D298CEF6200E207CC /* PBXContainerItemProxy */ = {
			isa = PBXContainerItemProxy;
			containerPortal = ACC1AE1E298CEF6100E207CC /* Project object */;
			proxyType = 1;
			remoteGlobalIDString = ACC1AE25298CEF6100E207CC;
			remoteInfo = Bookify;
		};
		ACC1AE47298CEF6200E207CC /* PBXContainerItemProxy */ = {
			isa = PBXContainerItemProxy;
			containerPortal = ACC1AE1E298CEF6100E207CC /* Project object */;
			proxyType = 1;
			remoteGlobalIDString = ACC1AE25298CEF6100E207CC;
			remoteInfo = Bookify;
		};
/* End PBXContainerItemProxy section */

/* Begin PBXFileReference section */
		ACC1AE26298CEF6100E207CC /* Bookify.app */ = {isa = PBXFileReference; explicitFileType = wrapper.application; includeInIndex = 0; path = Bookify.app; sourceTree = BUILT_PRODUCTS_DIR; };
		ACC1AE29298CEF6100E207CC /* AppDelegate.swift */ = {isa = PBXFileReference; lastKnownFileType = sourcecode.swift; path = AppDelegate.swift; sourceTree = "<group>"; };
		ACC1AE32298CEF6200E207CC /* Assets.xcassets */ = {isa = PBXFileReference; lastKnownFileType = folder.assetcatalog; path = Assets.xcassets; sourceTree = "<group>"; };
		ACC1AE35298CEF6200E207CC /* Base */ = {isa = PBXFileReference; lastKnownFileType = file.storyboard; name = Base; path = Base.lproj/LaunchScreen.storyboard; sourceTree = "<group>"; };
		ACC1AE37298CEF6200E207CC /* Info.plist */ = {isa = PBXFileReference; lastKnownFileType = text.plist.xml; path = Info.plist; sourceTree = "<group>"; };
		ACC1AE3C298CEF6200E207CC /* BookifyTests.xctest */ = {isa = PBXFileReference; explicitFileType = wrapper.cfbundle; includeInIndex = 0; path = BookifyTests.xctest; sourceTree = BUILT_PRODUCTS_DIR; };
		ACC1AE46298CEF6200E207CC /* BookifyUITests.xctest */ = {isa = PBXFileReference; explicitFileType = wrapper.cfbundle; includeInIndex = 0; path = BookifyUITests.xctest; sourceTree = BUILT_PRODUCTS_DIR; };
		ACCB1723298CF1C400078E7C /* BookApp */ = {isa = PBXFileReference; lastKnownFileType = wrapper; path = BookApp; sourceTree = "<group>"; };
		ACCB1728298CFAAD00078E7C /* AppConfigurations.swift */ = {isa = PBXFileReference; lastKnownFileType = sourcecode.swift; path = AppConfigurations.swift; sourceTree = "<group>"; };
/* End PBXFileReference section */

/* Begin PBXFrameworksBuildPhase section */
		ACC1AE23298CEF6100E207CC /* Frameworks */ = {
			isa = PBXFrameworksBuildPhase;
			buildActionMask = 2147483647;
			files = (
				ACCB172D298D086500078E7C /* AppFeature in Frameworks */,
			);
			runOnlyForDeploymentPostprocessing = 0;
		};
		ACC1AE39298CEF6200E207CC /* Frameworks */ = {
			isa = PBXFrameworksBuildPhase;
			buildActionMask = 2147483647;
			files = (
			);
			runOnlyForDeploymentPostprocessing = 0;
		};
		ACC1AE43298CEF6200E207CC /* Frameworks */ = {
			isa = PBXFrameworksBuildPhase;
			buildActionMask = 2147483647;
			files = (
			);
			runOnlyForDeploymentPostprocessing = 0;
		};
/* End PBXFrameworksBuildPhase section */

/* Begin PBXGroup section */
		ACC1AE1D298CEF6100E207CC = {
			isa = PBXGroup;
			children = (
				ACCB1723298CF1C400078E7C /* BookApp */,
				ACC1AE28298CEF6100E207CC /* Entry */,
				ACC1AE27298CEF6100E207CC /* Products */,
				ACCB1724298CF29C00078E7C /* Frameworks */,
			);
			sourceTree = "<group>";
		};
		ACC1AE27298CEF6100E207CC /* Products */ = {
			isa = PBXGroup;
			children = (
				ACC1AE26298CEF6100E207CC /* Bookify.app */,
				ACC1AE3C298CEF6200E207CC /* BookifyTests.xctest */,
				ACC1AE46298CEF6200E207CC /* BookifyUITests.xctest */,
			);
			name = Products;
			sourceTree = "<group>";
		};
		ACC1AE28298CEF6100E207CC /* Entry */ = {
			isa = PBXGroup;
			children = (
				ACC1AE29298CEF6100E207CC /* AppDelegate.swift */,
				ACC1AE32298CEF6200E207CC /* Assets.xcassets */,
				ACC1AE34298CEF6200E207CC /* LaunchScreen.storyboard */,
				ACC1AE37298CEF6200E207CC /* Info.plist */,
				ACCB1728298CFAAD00078E7C /* AppConfigurations.swift */,
			);
			path = Entry;
			sourceTree = "<group>";
		};
		ACCB1724298CF29C00078E7C /* Frameworks */ = {
			isa = PBXGroup;
			children = (
			);
			name = Frameworks;
			sourceTree = "<group>";
		};
/* End PBXGroup section */

/* Begin PBXNativeTarget section */
		ACC1AE25298CEF6100E207CC /* Bookify */ = {
			isa = PBXNativeTarget;
			buildConfigurationList = ACC1AE50298CEF6200E207CC /* Build configuration list for PBXNativeTarget "Bookify" */;
			buildPhases = (
				ACC1AE22298CEF6100E207CC /* Sources */,
				ACC1AE23298CEF6100E207CC /* Frameworks */,
				ACC1AE24298CEF6100E207CC /* Resources */,
			);
			buildRules = (
			);
			dependencies = (
			);
			name = Bookify;
			packageProductDependencies = (
				ACCB172C298D086500078E7C /* AppFeature */,
			);
			productName = Bookify;
			productReference = ACC1AE26298CEF6100E207CC /* Bookify.app */;
			productType = "com.apple.product-type.application";
		};
		ACC1AE3B298CEF6200E207CC /* BookifyTests */ = {
			isa = PBXNativeTarget;
			buildConfigurationList = ACC1AE53298CEF6200E207CC /* Build configuration list for PBXNativeTarget "BookifyTests" */;
			buildPhases = (
				ACC1AE38298CEF6200E207CC /* Sources */,
				ACC1AE39298CEF6200E207CC /* Frameworks */,
				ACC1AE3A298CEF6200E207CC /* Resources */,
			);
			buildRules = (
			);
			dependencies = (
				ACC1AE3E298CEF6200E207CC /* PBXTargetDependency */,
			);
			name = BookifyTests;
			productName = BookifyTests;
			productReference = ACC1AE3C298CEF6200E207CC /* BookifyTests.xctest */;
			productType = "com.apple.product-type.bundle.unit-test";
		};
		ACC1AE45298CEF6200E207CC /* BookifyUITests */ = {
			isa = PBXNativeTarget;
			buildConfigurationList = ACC1AE56298CEF6200E207CC /* Build configuration list for PBXNativeTarget "BookifyUITests" */;
			buildPhases = (
				ACC1AE42298CEF6200E207CC /* Sources */,
				ACC1AE43298CEF6200E207CC /* Frameworks */,
				ACC1AE44298CEF6200E207CC /* Resources */,
			);
			buildRules = (
			);
			dependencies = (
				ACC1AE48298CEF6200E207CC /* PBXTargetDependency */,
			);
			name = BookifyUITests;
			productName = BookifyUITests;
			productReference = ACC1AE46298CEF6200E207CC /* BookifyUITests.xctest */;
			productType = "com.apple.product-type.bundle.ui-testing";
		};
/* End PBXNativeTarget section */

/* Begin PBXProject section */
		ACC1AE1E298CEF6100E207CC /* Project object */ = {
			isa = PBXProject;
			attributes = {
				BuildIndependentTargetsInParallel = 1;
				LastSwiftUpdateCheck = 1410;
				LastUpgradeCheck = 1410;
				TargetAttributes = {
					ACC1AE25298CEF6100E207CC = {
						CreatedOnToolsVersion = 14.1;
					};
					ACC1AE3B298CEF6200E207CC = {
						CreatedOnToolsVersion = 14.1;
						TestTargetID = ACC1AE25298CEF6100E207CC;
					};
					ACC1AE45298CEF6200E207CC = {
						CreatedOnToolsVersion = 14.1;
						TestTargetID = ACC1AE25298CEF6100E207CC;
					};
				};
			};
			buildConfigurationList = ACC1AE21298CEF6100E207CC /* Build configuration list for PBXProject "Bookify" */;
			compatibilityVersion = "Xcode 14.0";
			developmentRegion = en;
			hasScannedForEncodings = 0;
			knownRegions = (
				en,
				Base,
			);
			mainGroup = ACC1AE1D298CEF6100E207CC;
			productRefGroup = ACC1AE27298CEF6100E207CC /* Products */;
			projectDirPath = "";
			projectRoot = "";
			targets = (
				ACC1AE25298CEF6100E207CC /* Bookify */,
				ACC1AE3B298CEF6200E207CC /* BookifyTests */,
				ACC1AE45298CEF6200E207CC /* BookifyUITests */,
			);
		};
/* End PBXProject section */

/* Begin PBXResourcesBuildPhase section */
		ACC1AE24298CEF6100E207CC /* Resources */ = {
			isa = PBXResourcesBuildPhase;
			buildActionMask = 2147483647;
			files = (
				ACC1AE36298CEF6200E207CC /* LaunchScreen.storyboard in Resources */,
				ACC1AE33298CEF6200E207CC /* Assets.xcassets in Resources */,
			);
			runOnlyForDeploymentPostprocessing = 0;
		};
		ACC1AE3A298CEF6200E207CC /* Resources */ = {
			isa = PBXResourcesBuildPhase;
			buildActionMask = 2147483647;
			files = (
			);
			runOnlyForDeploymentPostprocessing = 0;
		};
		ACC1AE44298CEF6200E207CC /* Resources */ = {
			isa = PBXResourcesBuildPhase;
			buildActionMask = 2147483647;
			files = (
			);
			runOnlyForDeploymentPostprocessing = 0;
		};
/* End PBXResourcesBuildPhase section */

/* Begin PBXSourcesBuildPhase section */
		ACC1AE22298CEF6100E207CC /* Sources */ = {
			isa = PBXSourcesBuildPhase;
			buildActionMask = 2147483647;
			files = (
				ACCB1729298CFAAD00078E7C /* AppConfigurations.swift in Sources */,
				ACC1AE2A298CEF6100E207CC /* AppDelegate.swift in Sources */,
			);
			runOnlyForDeploymentPostprocessing = 0;
		};
		ACC1AE38298CEF6200E207CC /* Sources */ = {
			isa = PBXSourcesBuildPhase;
			buildActionMask = 2147483647;
			files = (
			);
			runOnlyForDeploymentPostprocessing = 0;
		};
		ACC1AE42298CEF6200E207CC /* Sources */ = {
			isa = PBXSourcesBuildPhase;
			buildActionMask = 2147483647;
			files = (
			);
			runOnlyForDeploymentPostprocessing = 0;
		};
/* End PBXSourcesBuildPhase section */

/* Begin PBXTargetDependency section */
		ACC1AE3E298CEF6200E207CC /* PBXTargetDependency */ = {
			isa = PBXTargetDependency;
			target = ACC1AE25298CEF6100E207CC /* Bookify */;
			targetProxy = ACC1AE3D298CEF6200E207CC /* PBXContainerItemProxy */;
		};
		ACC1AE48298CEF6200E207CC /* PBXTargetDependency */ = {
			isa = PBXTargetDependency;
			target = ACC1AE25298CEF6100E207CC /* Bookify */;
			targetProxy = ACC1AE47298CEF6200E207CC /* PBXContainerItemProxy */;
		};
/* End PBXTargetDependency section */

/* Begin PBXVariantGroup section */
		ACC1AE34298CEF6200E207CC /* LaunchScreen.storyboard */ = {
			isa = PBXVariantGroup;
			children = (
				ACC1AE35298CEF6200E207CC /* Base */,
			);
			name = LaunchScreen.storyboard;
			sourceTree = "<group>";
		};
/* End PBXVariantGroup section */

/* Begin XCBuildConfiguration section */
		ACC1AE4E298CEF6200E207CC /* Debug */ = {
			isa = XCBuildConfiguration;
			buildSettings = {
				ALWAYS_SEARCH_USER_PATHS = NO;
				CLANG_ANALYZER_NONNULL = YES;
				CLANG_ANALYZER_NUMBER_OBJECT_CONVERSION = YES_AGGRESSIVE;
				CLANG_CXX_LANGUAGE_STANDARD = "gnu++20";
				CLANG_ENABLE_MODULES = YES;
				CLANG_ENABLE_OBJC_ARC = YES;
				CLANG_ENABLE_OBJC_WEAK = YES;
				CLANG_WARN_BLOCK_CAPTURE_AUTORELEASING = YES;
				CLANG_WARN_BOOL_CONVERSION = YES;
				CLANG_WARN_COMMA = YES;
				CLANG_WARN_CONSTANT_CONVERSION = YES;
				CLANG_WARN_DEPRECATED_OBJC_IMPLEMENTATIONS = YES;
				CLANG_WARN_DIRECT_OBJC_ISA_USAGE = YES_ERROR;
				CLANG_WARN_DOCUMENTATION_COMMENTS = YES;
				CLANG_WARN_EMPTY_BODY = YES;
				CLANG_WARN_ENUM_CONVERSION = YES;
				CLANG_WARN_INFINITE_RECURSION = YES;
				CLANG_WARN_INT_CONVERSION = YES;
				CLANG_WARN_NON_LITERAL_NULL_CONVERSION = YES;
				CLANG_WARN_OBJC_IMPLICIT_RETAIN_SELF = YES;
				CLANG_WARN_OBJC_LITERAL_CONVERSION = YES;
				CLANG_WARN_OBJC_ROOT_CLASS = YES_ERROR;
				CLANG_WARN_QUOTED_INCLUDE_IN_FRAMEWORK_HEADER = YES;
				CLANG_WARN_RANGE_LOOP_ANALYSIS = YES;
				CLANG_WARN_STRICT_PROTOTYPES = YES;
				CLANG_WARN_SUSPICIOUS_MOVE = YES;
				CLANG_WARN_UNGUARDED_AVAILABILITY = YES_AGGRESSIVE;
				CLANG_WARN_UNREACHABLE_CODE = YES;
				CLANG_WARN__DUPLICATE_METHOD_MATCH = YES;
				COPY_PHASE_STRIP = NO;
				DEBUG_INFORMATION_FORMAT = dwarf;
				ENABLE_STRICT_OBJC_MSGSEND = YES;
				ENABLE_TESTABILITY = YES;
				GCC_C_LANGUAGE_STANDARD = gnu11;
				GCC_DYNAMIC_NO_PIC = NO;
				GCC_NO_COMMON_BLOCKS = YES;
				GCC_OPTIMIZATION_LEVEL = 0;
				GCC_PREPROCESSOR_DEFINITIONS = (
					"DEBUG=1",
					"$(inherited)",
				);
				GCC_WARN_64_TO_32_BIT_CONVERSION = YES;
				GCC_WARN_ABOUT_RETURN_TYPE = YES_ERROR;
				GCC_WARN_UNDECLARED_SELECTOR = YES;
				GCC_WARN_UNINITIALIZED_AUTOS = YES_AGGRESSIVE;
				GCC_WARN_UNUSED_FUNCTION = YES;
				GCC_WARN_UNUSED_VARIABLE = YES;
				IPHONEOS_DEPLOYMENT_TARGET = 16.1;
				MTL_ENABLE_DEBUG_INFO = INCLUDE_SOURCE;
				MTL_FAST_MATH = YES;
				ONLY_ACTIVE_ARCH = YES;
				SDKROOT = iphoneos;
				SWIFT_ACTIVE_COMPILATION_CONDITIONS = DEBUG;
				SWIFT_OPTIMIZATION_LEVEL = "-Onone";
			};
			name = Debug;
		};
		ACC1AE4F298CEF6200E207CC /* Release */ = {
			isa = XCBuildConfiguration;
			buildSettings = {
				ALWAYS_SEARCH_USER_PATHS = NO;
				CLANG_ANALYZER_NONNULL = YES;
				CLANG_ANALYZER_NUMBER_OBJECT_CONVERSION = YES_AGGRESSIVE;
				CLANG_CXX_LANGUAGE_STANDARD = "gnu++20";
				CLANG_ENABLE_MODULES = YES;
				CLANG_ENABLE_OBJC_ARC = YES;
				CLANG_ENABLE_OBJC_WEAK = YES;
				CLANG_WARN_BLOCK_CAPTURE_AUTORELEASING = YES;
				CLANG_WARN_BOOL_CONVERSION = YES;
				CLANG_WARN_COMMA = YES;
				CLANG_WARN_CONSTANT_CONVERSION = YES;
				CLANG_WARN_DEPRECATED_OBJC_IMPLEMENTATIONS = YES;
				CLANG_WARN_DIRECT_OBJC_ISA_USAGE = YES_ERROR;
				CLANG_WARN_DOCUMENTATION_COMMENTS = YES;
				CLANG_WARN_EMPTY_BODY = YES;
				CLANG_WARN_ENUM_CONVERSION = YES;
				CLANG_WARN_INFINITE_RECURSION = YES;
				CLANG_WARN_INT_CONVERSION = YES;
				CLANG_WARN_NON_LITERAL_NULL_CONVERSION = YES;
				CLANG_WARN_OBJC_IMPLICIT_RETAIN_SELF = YES;
				CLANG_WARN_OBJC_LITERAL_CONVERSION = YES;
				CLANG_WARN_OBJC_ROOT_CLASS = YES_ERROR;
				CLANG_WARN_QUOTED_INCLUDE_IN_FRAMEWORK_HEADER = YES;
				CLANG_WARN_RANGE_LOOP_ANALYSIS = YES;
				CLANG_WARN_STRICT_PROTOTYPES = YES;
				CLANG_WARN_SUSPICIOUS_MOVE = YES;
				CLANG_WARN_UNGUARDED_AVAILABILITY = YES_AGGRESSIVE;
				CLANG_WARN_UNREACHABLE_CODE = YES;
				CLANG_WARN__DUPLICATE_METHOD_MATCH = YES;
				COPY_PHASE_STRIP = NO;
				DEBUG_INFORMATION_FORMAT = "dwarf-with-dsym";
				ENABLE_NS_ASSERTIONS = NO;
				ENABLE_STRICT_OBJC_MSGSEND = YES;
				GCC_C_LANGUAGE_STANDARD = gnu11;
				GCC_NO_COMMON_BLOCKS = YES;
				GCC_WARN_64_TO_32_BIT_CONVERSION = YES;
				GCC_WARN_ABOUT_RETURN_TYPE = YES_ERROR;
				GCC_WARN_UNDECLARED_SELECTOR = YES;
				GCC_WARN_UNINITIALIZED_AUTOS = YES_AGGRESSIVE;
				GCC_WARN_UNUSED_FUNCTION = YES;
				GCC_WARN_UNUSED_VARIABLE = YES;
				IPHONEOS_DEPLOYMENT_TARGET = 16.1;
				MTL_ENABLE_DEBUG_INFO = NO;
				MTL_FAST_MATH = YES;
				SDKROOT = iphoneos;
				SWIFT_COMPILATION_MODE = wholemodule;
				SWIFT_OPTIMIZATION_LEVEL = "-O";
				VALIDATE_PRODUCT = YES;
			};
			name = Release;
		};
		ACC1AE51298CEF6200E207CC /* Debug */ = {
			isa = XCBuildConfiguration;
			buildSettings = {
				ASSETCATALOG_COMPILER_APPICON_NAME = AppIcon;
				ASSETCATALOG_COMPILER_GLOBAL_ACCENT_COLOR_NAME = AccentColor;
				CODE_SIGN_STYLE = Automatic;
				CURRENT_PROJECT_VERSION = 1;
				DEVELOPMENT_TEAM = 5JVTTP945W;
				GENERATE_INFOPLIST_FILE = YES;
				INFOPLIST_FILE = Entry/Info.plist;
				INFOPLIST_KEY_UIApplicationSupportsIndirectInputEvents = YES;
				INFOPLIST_KEY_UILaunchStoryboardName = LaunchScreen;
				INFOPLIST_KEY_UISupportedInterfaceOrientations_iPad = "UIInterfaceOrientationPortrait UIInterfaceOrientationPortraitUpsideDown UIInterfaceOrientationLandscapeLeft UIInterfaceOrientationLandscapeRight";
				INFOPLIST_KEY_UISupportedInterfaceOrientations_iPhone = "UIInterfaceOrientationPortrait UIInterfaceOrientationLandscapeLeft UIInterfaceOrientationLandscapeRight";
				LD_RUNPATH_SEARCH_PATHS = (
					"$(inherited)",
					"@executable_path/Frameworks",
				);
				MARKETING_VERSION = 1.0;
				PRODUCT_BUNDLE_IDENTIFIER = ff.Bookify;
				PRODUCT_NAME = "$(TARGET_NAME)";
				SWIFT_EMIT_LOC_STRINGS = YES;
				SWIFT_VERSION = 5.0;
				TARGETED_DEVICE_FAMILY = "1,2";
			};
			name = Debug;
		};
		ACC1AE52298CEF6200E207CC /* Release */ = {
			isa = XCBuildConfiguration;
			buildSettings = {
				ASSETCATALOG_COMPILER_APPICON_NAME = AppIcon;
				ASSETCATALOG_COMPILER_GLOBAL_ACCENT_COLOR_NAME = AccentColor;
				CODE_SIGN_STYLE = Automatic;
				CURRENT_PROJECT_VERSION = 1;
				DEVELOPMENT_TEAM = 5JVTTP945W;
				GENERATE_INFOPLIST_FILE = YES;
				INFOPLIST_FILE = Entry/Info.plist;
				INFOPLIST_KEY_UIApplicationSupportsIndirectInputEvents = YES;
				INFOPLIST_KEY_UILaunchStoryboardName = LaunchScreen;
				INFOPLIST_KEY_UISupportedInterfaceOrientations_iPad = "UIInterfaceOrientationPortrait UIInterfaceOrientationPortraitUpsideDown UIInterfaceOrientationLandscapeLeft UIInterfaceOrientationLandscapeRight";
				INFOPLIST_KEY_UISupportedInterfaceOrientations_iPhone = "UIInterfaceOrientationPortrait UIInterfaceOrientationLandscapeLeft UIInterfaceOrientationLandscapeRight";
				LD_RUNPATH_SEARCH_PATHS = (
					"$(inherited)",
					"@executable_path/Frameworks",
				);
				MARKETING_VERSION = 1.0;
				PRODUCT_BUNDLE_IDENTIFIER = ff.Bookify;
				PRODUCT_NAME = "$(TARGET_NAME)";
				SWIFT_EMIT_LOC_STRINGS = YES;
				SWIFT_VERSION = 5.0;
				TARGETED_DEVICE_FAMILY = "1,2";
			};
			name = Release;
		};
		ACC1AE54298CEF6200E207CC /* Debug */ = {
			isa = XCBuildConfiguration;
			buildSettings = {
				ALWAYS_EMBED_SWIFT_STANDARD_LIBRARIES = YES;
				BUNDLE_LOADER = "$(TEST_HOST)";
				CODE_SIGN_STYLE = Automatic;
				CURRENT_PROJECT_VERSION = 1;
				DEVELOPMENT_TEAM = 5JVTTP945W;
				GENERATE_INFOPLIST_FILE = YES;
				IPHONEOS_DEPLOYMENT_TARGET = 16.1;
				MARKETING_VERSION = 1.0;
				PRODUCT_BUNDLE_IDENTIFIER = ff.BookifyTests;
				PRODUCT_NAME = "$(TARGET_NAME)";
				SWIFT_EMIT_LOC_STRINGS = NO;
				SWIFT_VERSION = 5.0;
				TARGETED_DEVICE_FAMILY = "1,2";
				TEST_HOST = "$(BUILT_PRODUCTS_DIR)/Bookify.app/$(BUNDLE_EXECUTABLE_FOLDER_PATH)/Bookify";
			};
			name = Debug;
		};
		ACC1AE55298CEF6200E207CC /* Release */ = {
			isa = XCBuildConfiguration;
			buildSettings = {
				ALWAYS_EMBED_SWIFT_STANDARD_LIBRARIES = YES;
				BUNDLE_LOADER = "$(TEST_HOST)";
				CODE_SIGN_STYLE = Automatic;
				CURRENT_PROJECT_VERSION = 1;
				DEVELOPMENT_TEAM = 5JVTTP945W;
				GENERATE_INFOPLIST_FILE = YES;
				IPHONEOS_DEPLOYMENT_TARGET = 16.1;
				MARKETING_VERSION = 1.0;
				PRODUCT_BUNDLE_IDENTIFIER = ff.BookifyTests;
				PRODUCT_NAME = "$(TARGET_NAME)";
				SWIFT_EMIT_LOC_STRINGS = NO;
				SWIFT_VERSION = 5.0;
				TARGETED_DEVICE_FAMILY = "1,2";
				TEST_HOST = "$(BUILT_PRODUCTS_DIR)/Bookify.app/$(BUNDLE_EXECUTABLE_FOLDER_PATH)/Bookify";
			};
			name = Release;
		};
		ACC1AE57298CEF6200E207CC /* Debug */ = {
			isa = XCBuildConfiguration;
			buildSettings = {
				ALWAYS_EMBED_SWIFT_STANDARD_LIBRARIES = YES;
				CODE_SIGN_STYLE = Automatic;
				CURRENT_PROJECT_VERSION = 1;
				DEVELOPMENT_TEAM = 5JVTTP945W;
				GENERATE_INFOPLIST_FILE = YES;
				MARKETING_VERSION = 1.0;
				PRODUCT_BUNDLE_IDENTIFIER = ff.BookifyUITests;
				PRODUCT_NAME = "$(TARGET_NAME)";
				SWIFT_EMIT_LOC_STRINGS = NO;
				SWIFT_VERSION = 5.0;
				TARGETED_DEVICE_FAMILY = "1,2";
				TEST_TARGET_NAME = Bookify;
			};
			name = Debug;
		};
		ACC1AE58298CEF6200E207CC /* Release */ = {
			isa = XCBuildConfiguration;
			buildSettings = {
				ALWAYS_EMBED_SWIFT_STANDARD_LIBRARIES = YES;
				CODE_SIGN_STYLE = Automatic;
				CURRENT_PROJECT_VERSION = 1;
				DEVELOPMENT_TEAM = 5JVTTP945W;
				GENERATE_INFOPLIST_FILE = YES;
				MARKETING_VERSION = 1.0;
				PRODUCT_BUNDLE_IDENTIFIER = ff.BookifyUITests;
				PRODUCT_NAME = "$(TARGET_NAME)";
				SWIFT_EMIT_LOC_STRINGS = NO;
				SWIFT_VERSION = 5.0;
				TARGETED_DEVICE_FAMILY = "1,2";
				TEST_TARGET_NAME = Bookify;
			};
			name = Release;
		};
/* End XCBuildConfiguration section */

/* Begin XCConfigurationList section */
		ACC1AE21298CEF6100E207CC /* Build configuration list for PBXProject "Bookify" */ = {
			isa = XCConfigurationList;
			buildConfigurations = (
				ACC1AE4E298CEF6200E207CC /* Debug */,
				ACC1AE4F298CEF6200E207CC /* Release */,
			);
			defaultConfigurationIsVisible = 0;
			defaultConfigurationName = Release;
		};
		ACC1AE50298CEF6200E207CC /* Build configuration list for PBXNativeTarget "Bookify" */ = {
			isa = XCConfigurationList;
			buildConfigurations = (
				ACC1AE51298CEF6200E207CC /* Debug */,
				ACC1AE52298CEF6200E207CC /* Release */,
			);
			defaultConfigurationIsVisible = 0;
			defaultConfigurationName = Release;
		};
		ACC1AE53298CEF6200E207CC /* Build configuration list for PBXNativeTarget "BookifyTests" */ = {
			isa = XCConfigurationList;
			buildConfigurations = (
				ACC1AE54298CEF6200E207CC /* Debug */,
				ACC1AE55298CEF6200E207CC /* Release */,
			);
			defaultConfigurationIsVisible = 0;
			defaultConfigurationName = Release;
		};
		ACC1AE56298CEF6200E207CC /* Build configuration list for PBXNativeTarget "BookifyUITests" */ = {
			isa = XCConfigurationList;
			buildConfigurations = (
				ACC1AE57298CEF6200E207CC /* Debug */,
				ACC1AE58298CEF6200E207CC /* Release */,
			);
			defaultConfigurationIsVisible = 0;
			defaultConfigurationName = Release;
		};
/* End XCConfigurationList section */

/* Begin XCSwiftPackageProductDependency section */
		ACCB172C298D086500078E7C /* AppFeature */ = {
			isa = XCSwiftPackageProductDependency;
			productName = AppFeature;
		};
/* End XCSwiftPackageProductDependency section */
	};
	rootObject = ACC1AE1E298CEF6100E207CC /* Project object */;
}
